
Microsoft Visual Studio Solution File, Format Version 11.00
# Visual Studio 2010
Project("{CC5FD16D-436D-48AD-A40C-5A424C6E3E79}") = "SqlAzureBackup", "SqlAzureBackup\SqlAzureBackup.ccproj", "{29024AF6-4484-4DD7-84E4-F297E35B7CA5}"
EndProject
Project("{FAE04EC0-301F-11D3-BF4B-00C04F79EFBC}") = "SqlAzureBackup.Worker", "SqlAzureBackup.Worker\SqlAzureBackup.Worker.csproj", "{D1E7F308-2711-4206-B392-8E849840465A}"
EndProject
Global
	GlobalSection(SolutionConfigurationPlatforms) = preSolution
		Debug|Any CPU = Debug|Any CPU
		Release|Any CPU = Release|Any CPU
	EndGlobalSection
	GlobalSection(ProjectConfigurationPlatforms) = postSolution
		{29024AF6-4484-4DD7-84E4-F297E35B7CA5}.Debug|Any CPU.ActiveCfg = Debug|Any CPU
		{29024AF6-4484-4DD7-84E4-F297E35B7CA5}.Debug|Any CPU.Build.0 = Debug|Any CPU
		{29024AF6-4484-4DD7-84E4-F297E35B7CA5}.Release|Any CPU.ActiveCfg = Release|Any CPU
		{29024AF6-4484-4DD7-84E4-F297E35B7CA5}.Release|Any CPU.Build.0 = Release|Any CPU
		{D1E7F308-2711-4206-B392-8E849840465A}.Debug|Any CPU.ActiveCfg = Debug|Any CPU
		{D1E7F308-2711-4206-B392-8E849840465A}.Debug|Any CPU.Build.0 = Debug|Any CPU
		{D1E7F308-2711-4206-B392-8E849840465A}.Release|Any CPU.ActiveCfg = Release|Any CPU
		{D1E7F308-2711-4206-B392-8E849840465A}.Release|Any CPU.Build.0 = Release|Any CPU
	EndGlobalSection
	GlobalSection(SolutionProperties) = preSolution
		HideSolutionNode = FALSE
	EndGlobalSection
EndGlobal
